<?xml version="1.0" encoding="utf-8"?>
<Project ToolsVersion="4.0" xmlns="http://schemas.microsoft.com/developer/msbuild/2003">
  <ItemGroup>
    <Filter Include="include">
      <UniqueIdentifier>{89AF369E-F58E-B539-FEA6-40106A051C9B}</UniqueIdentifier>
    </Filter>
    <Filter Include="include\GL">
      <UniqueIdentifier>{4B40B8DA-37F8-F927-A0FF-D2838CD69418}</UniqueIdentifier>
    </Filter>
    <Filter Include="include\GLM">
      <UniqueIdentifier>{F849C031-64FF-3827-EDF3-32FE59A82F2B}</UniqueIdentifier>
    </Filter>
    <Filter Include="include\GLM\detail">
      <UniqueIdentifier>{BA5AD471-A63E-95C7-0F9F-8F1AFBA17F49}</UniqueIdentifier>
    </Filter>
    <Filter Include="include\GLM\simd">
      <UniqueIdentifier>{54A168D8-409A-872A-69CC-6CAF55246736}</UniqueIdentifier>
    </Filter>
    <Filter Include="include\GLSW">
      <UniqueIdentifier>{158AC969-01ED-580E-AA72-91C496B42491}</UniqueIdentifier>
    </Filter>
    <Filter Include="include\ImGui">
      <UniqueIdentifier>{73E730A3-DFA7-ACD9-A8E2-F5561462F1B5}</UniqueIdentifier>
    </Filter>
    <Filter Include="include\ImGui\GLFW">
      <UniqueIdentifier>{92429508-7E26-565E-E786-50B1D38940E0}</UniqueIdentifier>
    </Filter>
    <Filter Include="include\KHR">
      <UniqueIdentifier>{7D5AC031-E90F-3927-7204-33FEDEB82F2B}</UniqueIdentifier>
    </Filter>
    <Filter Include="include\assimp">
      <UniqueIdentifier>{8526CE41-71F4-C147-5A88-326E46F59DAC}</UniqueIdentifier>
    </Filter>
    <Filter Include="include\assimp\Compiler">
      <UniqueIdentifier>{8F8B9273-FBC2-DA0A-04CD-3E2E70830104}</UniqueIdentifier>
    </Filter>
    <Filter Include="include\assimp\port">
      <UniqueIdentifier>{19D36570-8534-437E-0EA2-89307A027A3D}</UniqueIdentifier>
    </Filter>
    <Filter Include="include\assimp\port\AndroidJNI">
      <UniqueIdentifier>{CABBE3D0-B6E1-AD37-9F27-33038BECD203}</UniqueIdentifier>
    </Filter>
    <Filter Include="include\glad">
      <UniqueIdentifier>{30A0DB69-1C03-6B0E-C588-A3C4B1CA3691}</UniqueIdentifier>
    </Filter>
  </ItemGroup>
  <ItemGroup>
    <ClInclude Include="Source\include\GL\eglew.h">
      <Filter>include\GL</Filter>
    </ClInclude>
    <ClInclude Include="Source\include\GL\glew.h">
      <Filter>include\GL</Filter>
    </ClInclude>
    <ClInclude Include="Source\include\GL\glxew.h">
      <Filter>include\GL</Filter>
    </ClInclude>
    <ClInclude Include="Source\include\GL\wglew.h">
      <Filter>include\GL</Filter>
    </ClInclude>
    <ClInclude Include="Source\include\GLM\simd\common.h">
      <Filter>include\GLM\simd</Filter>
    </ClInclude>
    <ClInclude Include="Source\include\GLM\simd\exponential.h">
      <Filter>include\GLM\simd</Filter>
    </ClInclude>
    <ClInclude Include="Source\include\GLM\simd\geometric.h">
      <Filter>include\GLM\simd</Filter>
    </ClInclude>
    <ClInclude Include="Source\include\GLM\simd\integer.h">
      <Filter>include\GLM\simd</Filter>
    </ClInclude>
    <ClInclude Include="Source\include\GLM\simd\matrix.h">
      <Filter>include\GLM\simd</Filter>
    </ClInclude>
    <ClInclude Include="Source\include\GLM\simd\neon.h">
      <Filter>include\GLM\simd</Filter>
    </ClInclude>
    <ClInclude Include="Source\include\GLM\simd\packing.h">
      <Filter>include\GLM\simd</Filter>
    </ClInclude>
    <ClInclude Include="Source\include\GLM\simd\platform.h">
      <Filter>include\GLM\simd</Filter>
    </ClInclude>
    <ClInclude Include="Source\include\GLM\simd\trigonometric.h">
      <Filter>include\GLM\simd</Filter>
    </ClInclude>
    <ClInclude Include="Source\include\GLM\simd\vector_relational.h">
      <Filter>include\GLM\simd</Filter>
    </ClInclude>
    <ClInclude Include="Source\include\GLSW\glfw3.h">
      <Filter>include\GLSW</Filter>
    </ClInclude>
    <ClInclude Include="Source\include\GLSW\glfw3native.h">
      <Filter>include\GLSW</Filter>
    </ClInclude>
    <ClInclude Include="Source\include\ImGui\GLFW\glfw3.h">
      <Filter>include\ImGui\GLFW</Filter>
    </ClInclude>
    <ClInclude Include="Source\include\ImGui\GLFW\glfw3native.h">
      <Filter>include\ImGui\GLFW</Filter>
    </ClInclude>
    <ClInclude Include="Source\include\ImGui\imconfig.h">
      <Filter>include\ImGui</Filter>
    </ClInclude>
    <ClInclude Include="Source\include\ImGui\imgui.h">
      <Filter>include\ImGui</Filter>
    </ClInclude>
    <ClInclude Include="Source\include\ImGui\imgui_impl_glfw.h">
      <Filter>include\ImGui</Filter>
    </ClInclude>
    <ClInclude Include="Source\include\ImGui\imgui_impl_opengl2.h">
      <Filter>include\ImGui</Filter>
    </ClInclude>
    <ClInclude Include="Source\include\ImGui\imgui_impl_opengl3.h">
      <Filter>include\ImGui</Filter>
    </ClInclude>
    <ClInclude Include="Source\include\ImGui\imgui_impl_opengl3_loader.h">
      <Filter>include\ImGui</Filter>
    </ClInclude>
    <ClInclude Include="Source\include\ImGui\imgui_internal.h">
      <Filter>include\ImGui</Filter>
    </ClInclude>
    <ClInclude Include="Source\include\ImGui\imstb_rectpack.h">
      <Filter>include\ImGui</Filter>
    </ClInclude>
    <ClInclude Include="Source\include\ImGui\imstb_textedit.h">
      <Filter>include\ImGui</Filter>
    </ClInclude>
    <ClInclude Include="Source\include\ImGui\imstb_truetype.h">
      <Filter>include\ImGui</Filter>
    </ClInclude>
    <ClInclude Include="Source\include\KHR\khrplatform.h">
      <Filter>include\KHR</Filter>
    </ClInclude>
    <ClInclude Include="Source\include\assimp\BaseImporter.h">
      <Filter>include\assimp</Filter>
    </ClInclude>
    <ClInclude Include="Source\include\assimp\Bitmap.h">
      <Filter>include\assimp</Filter>
    </ClInclude>
    <ClInclude Include="Source\include\assimp\BlobIOSystem.h">
      <Filter>include\assimp</Filter>
    </ClInclude>
    <ClInclude Include="Source\include\assimp\ByteSwapper.h">
      <Filter>include\assimp</Filter>
    </ClInclude>
    <ClInclude Include="Source\include\assimp\ColladaMetaData.h">
      <Filter>include\assimp</Filter>
    </ClInclude>
    <ClInclude Include="Source\include\assimp\Compiler\poppack1.h">
      <Filter>include\assimp\Compiler</Filter>
    </ClInclude>
    <ClInclude Include="Source\include\assimp\Compiler\pstdint.h">
      <Filter>include\assimp\Compiler</Filter>
    </ClInclude>
    <ClInclude Include="Source\include\assimp\Compiler\pushpack1.h">
      <Filter>include\assimp\Compiler</Filter>
    </ClInclude>
    <ClInclude Include="Source\include\assimp\CreateAnimMesh.h">
      <Filter>include\assimp</Filter>
    </ClInclude>
    <ClInclude Include="Source\include\assimp\DefaultIOStream.h">
      <Filter>include\assimp</Filter>
    </ClInclude>
    <ClInclude Include="Source\include\assimp\DefaultIOSystem.h">
      <Filter>include\assimp</Filter>
    </ClInclude>
    <ClInclude Include="Source\include\assimp\Defines.h">
      <Filter>include\assimp</Filter>
    </ClInclude>
    <ClInclude Include="Source\include\assimp\Exceptional.h">
      <Filter>include\assimp</Filter>
    </ClInclude>
    <ClInclude Include="Source\include\assimp\GenericProperty.h">
      <Filter>include\assimp</Filter>
    </ClInclude>
    <ClInclude Include="Source\include\assimp\Hash.h">
      <Filter>include\assimp</Filter>
    </ClInclude>
    <ClInclude Include="Source\include\assimp\IOStreamBuffer.h">
      <Filter>include\assimp</Filter>
    </ClInclude>
    <ClInclude Include="Source\include\assimp\LineSplitter.h">
      <Filter>include\assimp</Filter>
    </ClInclude>
    <ClInclude Include="Source\include\assimp\LogAux.h">
      <Filter>include\assimp</Filter>
    </ClInclude>
    <ClInclude Include="Source\include\assimp\MathFunctions.h">
      <Filter>include\assimp</Filter>
    </ClInclude>
    <ClInclude Include="Source\include\assimp\MemoryIOWrapper.h">
      <Filter>include\assimp</Filter>
    </ClInclude>
    <ClInclude Include="Source\include\assimp\ParsingUtils.h">
      <Filter>include\assimp</Filter>
    </ClInclude>
    <ClInclude Include="Source\include\assimp\Profiler.h">
      <Filter>include\assimp</Filter>
    </ClInclude>
    <ClInclude Include="Source\include\assimp\RemoveComments.h">
      <Filter>include\assimp</Filter>
    </ClInclude>
    <ClInclude Include="Source\include\assimp\SGSpatialSort.h">
      <Filter>include\assimp</Filter>
    </ClInclude>
    <ClInclude Include="Source\include\assimp\SceneCombiner.h">
      <Filter>include\assimp</Filter>
    </ClInclude>
    <ClInclude Include="Source\include\assimp\SkeletonMeshBuilder.h">
      <Filter>include\assimp</Filter>
    </ClInclude>
    <ClInclude Include="Source\include\assimp\SmallVector.h">
      <Filter>include\assimp</Filter>
    </ClInclude>
    <ClInclude Include="Source\include\assimp\SmoothingGroups.h">
      <Filter>include\assimp</Filter>
    </ClInclude>
    <ClInclude Include="Source\include\assimp\SpatialSort.h">
      <Filter>include\assimp</Filter>
    </ClInclude>
    <ClInclude Include="Source\include\assimp\StandardShapes.h">
      <Filter>include\assimp</Filter>
    </ClInclude>
    <ClInclude Include="Source\include\assimp\StreamReader.h">
      <Filter>include\assimp</Filter>
    </ClInclude>
    <ClInclude Include="Source\include\assimp\StreamWriter.h">
      <Filter>include\assimp</Filter>
    </ClInclude>
    <ClInclude Include="Source\include\assimp\StringComparison.h">
      <Filter>include\assimp</Filter>
    </ClInclude>
    <ClInclude Include="Source\include\assimp\StringUtils.h">
      <Filter>include\assimp</Filter>
    </ClInclude>
    <ClInclude Include="Source\include\assimp\Subdivision.h">
      <Filter>include\assimp</Filter>
    </ClInclude>
    <ClInclude Include="Source\include\assimp\TinyFormatter.h">
      <Filter>include\assimp</Filter>
    </ClInclude>
    <ClInclude Include="Source\include\assimp\Vertex.h">
      <Filter>include\assimp</Filter>
    </ClInclude>
    <ClInclude Include="Source\include\assimp\XMLTools.h">
      <Filter>include\assimp</Filter>
    </ClInclude>
    <ClInclude Include="Source\include\assimp\XmlParser.h">
      <Filter>include\assimp</Filter>
    </ClInclude>
    <ClInclude Include="Source\include\assimp\ZipArchiveIOSystem.h">
      <Filter>include\assimp</Filter>
    </ClInclude>
    <ClInclude Include="Source\include\assimp\aabb.h">
      <Filter>include\assimp</Filter>
    </ClInclude>
    <ClInclude Include="Source\include\assimp\ai_assert.h">
      <Filter>include\assimp</Filter>
    </ClInclude>
    <ClInclude Include="Source\include\assimp\anim.h">
      <Filter>include\assimp</Filter>
    </ClInclude>
    <ClInclude Include="Source\include\assimp\camera.h">
      <Filter>include\assimp</Filter>
    </ClInclude>
    <ClInclude Include="Source\include\assimp\cexport.h">
      <Filter>include\assimp</Filter>
    </ClInclude>
    <ClInclude Include="Source\include\assimp\cfileio.h">
      <Filter>include\assimp</Filter>
    </ClInclude>
    <ClInclude Include="Source\include\assimp\cimport.h">
      <Filter>include\assimp</Filter>
    </ClInclude>
    <ClInclude Include="Source\include\assimp\color4.h">
      <Filter>include\assimp</Filter>
    </ClInclude>
    <ClInclude Include="Source\include\assimp\commonMetaData.h">
      <Filter>include\assimp</Filter>
    </ClInclude>
    <ClInclude Include="Source\include\assimp\config.h">
      <Filter>include\assimp</Filter>
    </ClInclude>
    <ClInclude Include="Source\include\assimp\defs.h">
      <Filter>include\assimp</Filter>
    </ClInclude>
    <ClInclude Include="Source\include\assimp\fast_atof.h">
      <Filter>include\assimp</Filter>
    </ClInclude>
    <ClInclude Include="Source\include\assimp\importerdesc.h">
      <Filter>include\assimp</Filter>
    </ClInclude>
    <ClInclude Include="Source\include\assimp\light.h">
      <Filter>include\assimp</Filter>
    </ClInclude>
    <ClInclude Include="Source\include\assimp\material.h">
      <Filter>include\assimp</Filter>
    </ClInclude>
    <ClInclude Include="Source\include\assimp\matrix3x3.h">
      <Filter>include\assimp</Filter>
    </ClInclude>
    <ClInclude Include="Source\include\assimp\matrix4x4.h">
      <Filter>include\assimp</Filter>
    </ClInclude>
    <ClInclude Include="Source\include\assimp\mesh.h">
      <Filter>include\assimp</Filter>
    </ClInclude>
    <ClInclude Include="Source\include\assimp\metadata.h">
      <Filter>include\assimp</Filter>
    </ClInclude>
    <ClInclude Include="Source\include\assimp\pbrmaterial.h">
      <Filter>include\assimp</Filter>
    </ClInclude>
    <ClInclude Include="Source\include\assimp\port\AndroidJNI\AndroidJNIIOSystem.h">
      <Filter>include\assimp\port\AndroidJNI</Filter>
    </ClInclude>
    <ClInclude Include="Source\include\assimp\port\AndroidJNI\BundledAssetIOSystem.h">
      <Filter>include\assimp\port\AndroidJNI</Filter>
    </ClInclude>
    <ClInclude Include="Source\include\assimp\postprocess.h">
      <Filter>include\assimp</Filter>
    </ClInclude>
    <ClInclude Include="Source\include\assimp\qnan.h">
      <Filter>include\assimp</Filter>
    </ClInclude>
    <ClInclude Include="Source\include\assimp\quaternion.h">
      <Filter>include\assimp</Filter>
    </ClInclude>
    <ClInclude Include="Source\include\assimp\scene.h">
      <Filter>include\assimp</Filter>
    </ClInclude>
    <ClInclude Include="Source\include\assimp\texture.h">
      <Filter>include\assimp</Filter>
    </ClInclude>
    <ClInclude Include="Source\include\assimp\types.h">
      <Filter>include\assimp</Filter>
    </ClInclude>
    <ClInclude Include="Source\include\assimp\vector2.h">
      <Filter>include\assimp</Filter>
    </ClInclude>
    <ClInclude Include="Source\include\assimp\vector3.h">
      <Filter>include\assimp</Filter>
    </ClInclude>
    <ClInclude Include="Source\include\assimp\version.h">
      <Filter>include\assimp</Filter>
    </ClInclude>
    <ClInclude Include="Source\include\glad\glad.h">
      <Filter>include\glad</Filter>
    </ClInclude>
  </ItemGroup>
  <ItemGroup>
    <ClCompile Include="Source\include\GLM\detail\glm.cpp">
      <Filter>include\GLM\detail</Filter>
    </ClCompile>
    <ClCompile Include="Source\include\ImGui\imgui.cpp">
      <Filter>include\ImGui</Filter>
    </ClCompile>
    <ClCompile Include="Source\include\ImGui\imgui_demo.cpp">
      <Filter>include\ImGui</Filter>
    </ClCompile>
    <ClCompile Include="Source\include\ImGui\imgui_draw.cpp">
      <Filter>include\ImGui</Filter>
    </ClCompile>
    <ClCompile Include="Source\include\ImGui\imgui_impl_glfw.cpp">
      <Filter>include\ImGui</Filter>
    </ClCompile>
    <ClCompile Include="Source\include\ImGui\imgui_impl_opengl2.cpp">
      <Filter>include\ImGui</Filter>
    </ClCompile>
    <ClCompile Include="Source\include\ImGui\imgui_impl_opengl3.cpp">
      <Filter>include\ImGui</Filter>
    </ClCompile>
    <ClCompile Include="Source\include\ImGui\imgui_tables.cpp">
      <Filter>include\ImGui</Filter>
    </ClCompile>
    <ClCompile Include="Source\include\ImGui\imgui_widgets.cpp">
      <Filter>include\ImGui</Filter>
    </ClCompile>
    <ClCompile Include="Source\kubyk.cpp" />
  </ItemGroup>
</Project>